
Microsoft Visual Studio Solution File, Format Version 12.00
# Visual Studio Version 17
VisualStudioVersion = 17.5.33424.131
MinimumVisualStudioVersion = 10.0.40219.1
Project("{FAE04EC0-301F-11D3-BF4B-00C04F79EFBC}") = "Resume Project CRUD Board", "Resume Project CRUD Board.csproj", "{FA4AA831-379A-4224-A99E-64DB1CDFE60D}"
EndProject
Global
	GlobalSection(SolutionConfigurationPlatforms) = preSolution
		Debug|Any CPU = Debug|Any CPU
		Release|Any CPU = Release|Any CPU
	EndGlobalSection
	GlobalSection(ProjectConfigurationPlatforms) = postSolution
		{FA4AA831-379A-4224-A99E-64DB1CDFE60D}.Debug|Any CPU.ActiveCfg = Debug|Any CPU
		{FA4AA831-379A-4224-A99E-64DB1CDFE60D}.Debug|Any CPU.Build.0 = Debug|Any CPU
		{FA4AA831-379A-4224-A99E-64DB1CDFE60D}.Release|Any CPU.ActiveCfg = Release|Any CPU
		{FA4AA831-379A-4224-A99E-64DB1CDFE60D}.Release|Any CPU.Build.0 = Release|Any CPU
	EndGlobalSection
	GlobalSection(SolutionProperties) = preSolution
		HideSolutionNode = FALSE
	EndGlobalSection
	GlobalSection(ExtensibilityGlobals) = postSolution
		SolutionGuid = {967DA0B6-1849-496F-98EB-BB6EA9B4BDB1}
	EndGlobalSection
EndGlobal
